// !$*UTF8*$!
{
	archiveVersion = 1;
	classes = {
	};
	objectVersion = 56;
	objects = {

/* Begin PBXBuildFile section */
		824443AA2B53A7EA00ED8851 /* AnimationManager.swift in Sources */ = {isa = PBXBuildFile; fileRef = 824443A92B53A7EA00ED8851 /* AnimationManager.swift */; };
		824443AF2B548AC200ED8851 /* OptionsDelegate.swift in Sources */ = {isa = PBXBuildFile; fileRef = 824443AE2B548AC200ED8851 /* OptionsDelegate.swift */; };
		824443B22B55265D00ED8851 /* car.mp3 in Resources */ = {isa = PBXBuildFile; fileRef = 824443B12B55265D00ED8851 /* car.mp3 */; };
		824443B52B55269C00ED8851 /* AudioPlayerClass.swift in Sources */ = {isa = PBXBuildFile; fileRef = 824443B42B55269C00ED8851 /* AudioPlayerClass.swift */; };
		824443B72B5527AE00ED8851 /* explode.mp3 in Resources */ = {isa = PBXBuildFile; fileRef = 824443B62B5527AE00ED8851 /* explode.mp3 */; };
		828D8DE22B51A1DC0022FDB3 /* AppDelegate.swift in Sources */ = {isa = PBXBuildFile; fileRef = 828D8DE12B51A1DC0022FDB3 /* AppDelegate.swift */; };
		828D8DE42B51A1DC0022FDB3 /* SceneDelegate.swift in Sources */ = {isa = PBXBuildFile; fileRef = 828D8DE32B51A1DC0022FDB3 /* SceneDelegate.swift */; };
		828D8DEB2B51A1DF0022FDB3 /* Assets.xcassets in Resources */ = {isa = PBXBuildFile; fileRef = 828D8DEA2B51A1DF0022FDB3 /* Assets.xcassets */; };
		828D8DEE2B51A1DF0022FDB3 /* LaunchScreen.storyboard in Resources */ = {isa = PBXBuildFile; fileRef = 828D8DEC2B51A1DF0022FDB3 /* LaunchScreen.storyboard */; };
		828D8DF92B51A21C0022FDB3 /* UIView + Extensions.swift in Sources */ = {isa = PBXBuildFile; fileRef = 828D8DF82B51A21C0022FDB3 /* UIView + Extensions.swift */; };
		828D8DFC2B51A2430022FDB3 /* DateManager.swift in Sources */ = {isa = PBXBuildFile; fileRef = 828D8DFB2B51A2430022FDB3 /* DateManager.swift */; };
		828D8E032B51A2CB0022FDB3 /* SplashScreenViewController.swift in Sources */ = {isa = PBXBuildFile; fileRef = 828D8E022B51A2CB0022FDB3 /* SplashScreenViewController.swift */; };
		828D8E052B51A2E50022FDB3 /* StartViewController.swift in Sources */ = {isa = PBXBuildFile; fileRef = 828D8E042B51A2E50022FDB3 /* StartViewController.swift */; };
		828D8E072B51A3130022FDB3 /* GameViewController.swift in Sources */ = {isa = PBXBuildFile; fileRef = 828D8E062B51A3130022FDB3 /* GameViewController.swift */; };
		828D8E0B2B51A33B0022FDB3 /* SettingsListTableViewController.swift in Sources */ = {isa = PBXBuildFile; fileRef = 828D8E0A2B51A33B0022FDB3 /* SettingsListTableViewController.swift */; };
		828D8E0D2B51A3520022FDB3 /* OptionTableViewCell.swift in Sources */ = {isa = PBXBuildFile; fileRef = 828D8E0C2B51A3520022FDB3 /* OptionTableViewCell.swift */; };
		828D8E132B51A3920022FDB3 /* RecordsListTableViewController.swift in Sources */ = {isa = PBXBuildFile; fileRef = 828D8E122B51A3920022FDB3 /* RecordsListTableViewController.swift */; };
		828D8E152B51A3A60022FDB3 /* PlayerTableViewCell.swift in Sources */ = {isa = PBXBuildFile; fileRef = 828D8E142B51A3A60022FDB3 /* PlayerTableViewCell.swift */; };
		828D8E182B51B65A0022FDB3 /* Options.swift in Sources */ = {isa = PBXBuildFile; fileRef = 828D8E172B51B65A0022FDB3 /* Options.swift */; };
		828D8E1E2B5270620022FDB3 /* Colors.swift in Sources */ = {isa = PBXBuildFile; fileRef = 828D8E1D2B5270620022FDB3 /* Colors.swift */; };
		828D8E202B5271020022FDB3 /* CarColorsListPresenter.swift in Sources */ = {isa = PBXBuildFile; fileRef = 828D8E1F2B5271020022FDB3 /* CarColorsListPresenter.swift */; };
		828D8E232B52713C0022FDB3 /* CarColorsListPresenterDelegate.swift in Sources */ = {isa = PBXBuildFile; fileRef = 828D8E222B52713C0022FDB3 /* CarColorsListPresenterDelegate.swift */; };
		828D8E252B5274F90022FDB3 /* CarColorsListTableViewController.swift in Sources */ = {isa = PBXBuildFile; fileRef = 828D8E242B5274F90022FDB3 /* CarColorsListTableViewController.swift */; };
		828D8E292B527A530022FDB3 /* UIColor + Extensions.swift in Sources */ = {isa = PBXBuildFile; fileRef = 828D8E282B527A530022FDB3 /* UIColor + Extensions.swift */; };
		828D8E2B2B527C4B0022FDB3 /* UserDefaults + Extensions.swift in Sources */ = {isa = PBXBuildFile; fileRef = 828D8E2A2B527C4B0022FDB3 /* UserDefaults + Extensions.swift */; };
		828D8E372B5282670022FDB3 /* Obstacles.swift in Sources */ = {isa = PBXBuildFile; fileRef = 828D8E362B5282670022FDB3 /* Obstacles.swift */; };
		828D8E392B5283B60022FDB3 /* ObstaclesListTableViewController.swift in Sources */ = {isa = PBXBuildFile; fileRef = 828D8E382B5283B60022FDB3 /* ObstaclesListTableViewController.swift */; };
		828D8E3B2B5284C00022FDB3 /* ObstaclesListPresenter.swift in Sources */ = {isa = PBXBuildFile; fileRef = 828D8E3A2B5284C00022FDB3 /* ObstaclesListPresenter.swift */; };
		828D8E3D2B5284CE0022FDB3 /* ObstaclesListPresenterDelegate.swift in Sources */ = {isa = PBXBuildFile; fileRef = 828D8E3C2B5284CE0022FDB3 /* ObstaclesListPresenterDelegate.swift */; };
		828D8E442B52892E0022FDB3 /* LevelOfDifficulty.swift in Sources */ = {isa = PBXBuildFile; fileRef = 828D8E432B52892E0022FDB3 /* LevelOfDifficulty.swift */; };
		828D8E462B5289910022FDB3 /* LevelOfDifficultyListTableViewController.swift in Sources */ = {isa = PBXBuildFile; fileRef = 828D8E452B5289910022FDB3 /* LevelOfDifficultyListTableViewController.swift */; };
		828D8E482B5289A70022FDB3 /* LevelOfDifficultyListPresenter.swift in Sources */ = {isa = PBXBuildFile; fileRef = 828D8E472B5289A70022FDB3 /* LevelOfDifficultyListPresenter.swift */; };
		828D8E4A2B5289BA0022FDB3 /* LevelOfDifficultyListPresenterDelegate.swift in Sources */ = {isa = PBXBuildFile; fileRef = 828D8E492B5289BA0022FDB3 /* LevelOfDifficultyListPresenterDelegate.swift */; };
		828D8E512B5290010022FDB3 /* Controls.swift in Sources */ = {isa = PBXBuildFile; fileRef = 828D8E502B5290010022FDB3 /* Controls.swift */; };
		828D8E532B5290870022FDB3 /* ControlsListTableViewController.swift in Sources */ = {isa = PBXBuildFile; fileRef = 828D8E522B5290870022FDB3 /* ControlsListTableViewController.swift */; };
		828D8E552B5290B60022FDB3 /* ControlsListPresenter.swift in Sources */ = {isa = PBXBuildFile; fileRef = 828D8E542B5290B60022FDB3 /* ControlsListPresenter.swift */; };
		828D8E572B5290CB0022FDB3 /* ControlsListPresenterDelegate.swift in Sources */ = {isa = PBXBuildFile; fileRef = 828D8E562B5290CB0022FDB3 /* ControlsListPresenterDelegate.swift */; };
		828D8E5D2B538D010022FDB3 /* SettingsManager.swift in Sources */ = {isa = PBXBuildFile; fileRef = 828D8E5C2B538D010022FDB3 /* SettingsManager.swift */; };
		828D8E612B5393570022FDB3 /* SettingsListPresenter.swift in Sources */ = {isa = PBXBuildFile; fileRef = 828D8E602B5393570022FDB3 /* SettingsListPresenter.swift */; };
		828D8E632B53936E0022FDB3 /* SettingsListPresenterDelegate.swift in Sources */ = {isa = PBXBuildFile; fileRef = 828D8E622B53936E0022FDB3 /* SettingsListPresenterDelegate.swift */; };
/* End PBXBuildFile section */

/* Begin PBXFileReference section */
		824443A92B53A7EA00ED8851 /* AnimationManager.swift */ = {isa = PBXFileReference; lastKnownFileType = sourcecode.swift; path = AnimationManager.swift; sourceTree = "<group>"; };
		824443AE2B548AC200ED8851 /* OptionsDelegate.swift */ = {isa = PBXFileReference; lastKnownFileType = sourcecode.swift; path = OptionsDelegate.swift; sourceTree = "<group>"; };
		824443B12B55265D00ED8851 /* car.mp3 */ = {isa = PBXFileReference; lastKnownFileType = audio.mp3; name = car.mp3; path = ../../../../Downloads/car.mp3; sourceTree = "<group>"; };
		824443B42B55269C00ED8851 /* AudioPlayerClass.swift */ = {isa = PBXFileReference; lastKnownFileType = sourcecode.swift; path = AudioPlayerClass.swift; sourceTree = "<group>"; };
		824443B62B5527AE00ED8851 /* explode.mp3 */ = {isa = PBXFileReference; lastKnownFileType = audio.mp3; name = explode.mp3; path = ../../../../Downloads/explode.mp3; sourceTree = "<group>"; };
		828D8DDE2B51A1DC0022FDB3 /* RacingGame2024.app */ = {isa = PBXFileReference; explicitFileType = wrapper.application; includeInIndex = 0; path = RacingGame2024.app; sourceTree = BUILT_PRODUCTS_DIR; };
		828D8DE12B51A1DC0022FDB3 /* AppDelegate.swift */ = {isa = PBXFileReference; lastKnownFileType = sourcecode.swift; path = AppDelegate.swift; sourceTree = "<group>"; };
		828D8DE32B51A1DC0022FDB3 /* SceneDelegate.swift */ = {isa = PBXFileReference; lastKnownFileType = sourcecode.swift; path = SceneDelegate.swift; sourceTree = "<group>"; };
		828D8DEA2B51A1DF0022FDB3 /* Assets.xcassets */ = {isa = PBXFileReference; lastKnownFileType = folder.assetcatalog; path = Assets.xcassets; sourceTree = "<group>"; };
		828D8DED2B51A1DF0022FDB3 /* Base */ = {isa = PBXFileReference; lastKnownFileType = file.storyboard; name = Base; path = Base.lproj/LaunchScreen.storyboard; sourceTree = "<group>"; };
		828D8DEF2B51A1DF0022FDB3 /* Info.plist */ = {isa = PBXFileReference; lastKnownFileType = text.plist.xml; path = Info.plist; sourceTree = "<group>"; };
		828D8DF82B51A21C0022FDB3 /* UIView + Extensions.swift */ = {isa = PBXFileReference; lastKnownFileType = sourcecode.swift; path = "UIView + Extensions.swift"; sourceTree = "<group>"; };
		828D8DFB2B51A2430022FDB3 /* DateManager.swift */ = {isa = PBXFileReference; lastKnownFileType = sourcecode.swift; path = DateManager.swift; sourceTree = "<group>"; };
		828D8E022B51A2CB0022FDB3 /* SplashScreenViewController.swift */ = {isa = PBXFileReference; lastKnownFileType = sourcecode.swift; path = SplashScreenViewController.swift; sourceTree = "<group>"; };
		828D8E042B51A2E50022FDB3 /* StartViewController.swift */ = {isa = PBXFileReference; lastKnownFileType = sourcecode.swift; path = StartViewController.swift; sourceTree = "<group>"; };
		828D8E062B51A3130022FDB3 /* GameViewController.swift */ = {isa = PBXFileReference; lastKnownFileType = sourcecode.swift; path = GameViewController.swift; sourceTree = "<group>"; };
		828D8E0A2B51A33B0022FDB3 /* SettingsListTableViewController.swift */ = {isa = PBXFileReference; lastKnownFileType = sourcecode.swift; path = SettingsListTableViewController.swift; sourceTree = "<group>"; };
		828D8E0C2B51A3520022FDB3 /* OptionTableViewCell.swift */ = {isa = PBXFileReference; lastKnownFileType = sourcecode.swift; path = OptionTableViewCell.swift; sourceTree = "<group>"; };
		828D8E122B51A3920022FDB3 /* RecordsListTableViewController.swift */ = {isa = PBXFileReference; lastKnownFileType = sourcecode.swift; path = RecordsListTableViewController.swift; sourceTree = "<group>"; };
		828D8E142B51A3A60022FDB3 /* PlayerTableViewCell.swift */ = {isa = PBXFileReference; lastKnownFileType = sourcecode.swift; path = PlayerTableViewCell.swift; sourceTree = "<group>"; };
		828D8E172B51B65A0022FDB3 /* Options.swift */ = {isa = PBXFileReference; lastKnownFileType = sourcecode.swift; path = Options.swift; sourceTree = "<group>"; };
		828D8E1D2B5270620022FDB3 /* Colors.swift */ = {isa = PBXFileReference; lastKnownFileType = sourcecode.swift; path = Colors.swift; sourceTree = "<group>"; };
		828D8E1F2B5271020022FDB3 /* CarColorsListPresenter.swift */ = {isa = PBXFileReference; lastKnownFileType = sourcecode.swift; path = CarColorsListPresenter.swift; sourceTree = "<group>"; };
		828D8E222B52713C0022FDB3 /* CarColorsListPresenterDelegate.swift */ = {isa = PBXFileReference; lastKnownFileType = sourcecode.swift; path = CarColorsListPresenterDelegate.swift; sourceTree = "<group>"; };
		828D8E242B5274F90022FDB3 /* CarColorsListTableViewController.swift */ = {isa = PBXFileReference; lastKnownFileType = sourcecode.swift; path = CarColorsListTableViewController.swift; sourceTree = "<group>"; };
		828D8E282B527A530022FDB3 /* UIColor + Extensions.swift */ = {isa = PBXFileReference; lastKnownFileType = sourcecode.swift; path = "UIColor + Extensions.swift"; sourceTree = "<group>"; };
		828D8E2A2B527C4B0022FDB3 /* UserDefaults + Extensions.swift */ = {isa = PBXFileReference; lastKnownFileType = sourcecode.swift; path = "UserDefaults + Extensions.swift"; sourceTree = "<group>"; };
		828D8E362B5282670022FDB3 /* Obstacles.swift */ = {isa = PBXFileReference; lastKnownFileType = sourcecode.swift; path = Obstacles.swift; sourceTree = "<group>"; };
		828D8E382B5283B60022FDB3 /* ObstaclesListTableViewController.swift */ = {isa = PBXFileReference; lastKnownFileType = sourcecode.swift; path = ObstaclesListTableViewController.swift; sourceTree = "<group>"; };
		828D8E3A2B5284C00022FDB3 /* ObstaclesListPresenter.swift */ = {isa = PBXFileReference; lastKnownFileType = sourcecode.swift; path = ObstaclesListPresenter.swift; sourceTree = "<group>"; };
		828D8E3C2B5284CE0022FDB3 /* ObstaclesListPresenterDelegate.swift */ = {isa = PBXFileReference; lastKnownFileType = sourcecode.swift; path = ObstaclesListPresenterDelegate.swift; sourceTree = "<group>"; };
		828D8E432B52892E0022FDB3 /* LevelOfDifficulty.swift */ = {isa = PBXFileReference; lastKnownFileType = sourcecode.swift; path = LevelOfDifficulty.swift; sourceTree = "<group>"; };
		828D8E452B5289910022FDB3 /* LevelOfDifficultyListTableViewController.swift */ = {isa = PBXFileReference; lastKnownFileType = sourcecode.swift; path = LevelOfDifficultyListTableViewController.swift; sourceTree = "<group>"; };
		828D8E472B5289A70022FDB3 /* LevelOfDifficultyListPresenter.swift */ = {isa = PBXFileReference; lastKnownFileType = sourcecode.swift; path = LevelOfDifficultyListPresenter.swift; sourceTree = "<group>"; };
		828D8E492B5289BA0022FDB3 /* LevelOfDifficultyListPresenterDelegate.swift */ = {isa = PBXFileReference; lastKnownFileType = sourcecode.swift; path = LevelOfDifficultyListPresenterDelegate.swift; sourceTree = "<group>"; };
		828D8E502B5290010022FDB3 /* Controls.swift */ = {isa = PBXFileReference; lastKnownFileType = sourcecode.swift; path = Controls.swift; sourceTree = "<group>"; };
		828D8E522B5290870022FDB3 /* ControlsListTableViewController.swift */ = {isa = PBXFileReference; lastKnownFileType = sourcecode.swift; path = ControlsListTableViewController.swift; sourceTree = "<group>"; };
		828D8E542B5290B60022FDB3 /* ControlsListPresenter.swift */ = {isa = PBXFileReference; lastKnownFileType = sourcecode.swift; path = ControlsListPresenter.swift; sourceTree = "<group>"; };
		828D8E562B5290CB0022FDB3 /* ControlsListPresenterDelegate.swift */ = {isa = PBXFileReference; lastKnownFileType = sourcecode.swift; path = ControlsListPresenterDelegate.swift; sourceTree = "<group>"; };
		828D8E5C2B538D010022FDB3 /* SettingsManager.swift */ = {isa = PBXFileReference; lastKnownFileType = sourcecode.swift; path = SettingsManager.swift; sourceTree = "<group>"; };
		828D8E602B5393570022FDB3 /* SettingsListPresenter.swift */ = {isa = PBXFileReference; lastKnownFileType = sourcecode.swift; path = SettingsListPresenter.swift; sourceTree = "<group>"; };
		828D8E622B53936E0022FDB3 /* SettingsListPresenterDelegate.swift */ = {isa = PBXFileReference; lastKnownFileType = sourcecode.swift; path = SettingsListPresenterDelegate.swift; sourceTree = "<group>"; };
/* End PBXFileReference section */

/* Begin PBXFrameworksBuildPhase section */
		828D8DDB2B51A1DC0022FDB3 /* Frameworks */ = {
			isa = PBXFrameworksBuildPhase;
			buildActionMask = 2147483647;
			files = (
			);
			runOnlyForDeploymentPostprocessing = 0;
		};
/* End PBXFrameworksBuildPhase section */

/* Begin PBXGroup section */
		824443A82B53A7DD00ED8851 /* Animation */ = {
			isa = PBXGroup;
			children = (
				824443A92B53A7EA00ED8851 /* AnimationManager.swift */,
			);
			path = Animation;
			sourceTree = "<group>";
		};
		824443AD2B548AB200ED8851 /* Protocols */ = {
			isa = PBXGroup;
			children = (
				824443AE2B548AC200ED8851 /* OptionsDelegate.swift */,
			);
			path = Protocols;
			sourceTree = "<group>";
		};
		824443B02B55263B00ED8851 /* Sounds */ = {
			isa = PBXGroup;
			children = (
				824443B62B5527AE00ED8851 /* explode.mp3 */,
				824443B12B55265D00ED8851 /* car.mp3 */,
			);
			path = Sounds;
			sourceTree = "<group>";
		};
		824443B32B55268600ED8851 /* Audio Player */ = {
			isa = PBXGroup;
			children = (
				824443B42B55269C00ED8851 /* AudioPlayerClass.swift */,
			);
			path = "Audio Player";
			sourceTree = "<group>";
		};
		828D8DD52B51A1DC0022FDB3 = {
			isa = PBXGroup;
			children = (
				828D8DE02B51A1DC0022FDB3 /* RacingGame2024 */,
				828D8DDF2B51A1DC0022FDB3 /* Products */,
			);
			sourceTree = "<group>";
		};
		828D8DDF2B51A1DC0022FDB3 /* Products */ = {
			isa = PBXGroup;
			children = (
				828D8DDE2B51A1DC0022FDB3 /* RacingGame2024.app */,
			);
			name = Products;
			sourceTree = "<group>";
		};
		828D8DE02B51A1DC0022FDB3 /* RacingGame2024 */ = {
			isa = PBXGroup;
			children = (
				824443B02B55263B00ED8851 /* Sounds */,
				828D8DF52B51A1F80022FDB3 /* Extensions */,
				824443AD2B548AB200ED8851 /* Protocols */,
				828D8DF62B51A1FF0022FDB3 /* Services */,
				828D8DF72B51A2040022FDB3 /* Screens */,
				828D8DE12B51A1DC0022FDB3 /* AppDelegate.swift */,
				828D8DE32B51A1DC0022FDB3 /* SceneDelegate.swift */,
				828D8DEA2B51A1DF0022FDB3 /* Assets.xcassets */,
				828D8DEC2B51A1DF0022FDB3 /* LaunchScreen.storyboard */,
				828D8DEF2B51A1DF0022FDB3 /* Info.plist */,
			);
			path = RacingGame2024;
			sourceTree = "<group>";
		};
		828D8DF52B51A1F80022FDB3 /* Extensions */ = {
			isa = PBXGroup;
			children = (
				828D8DF82B51A21C0022FDB3 /* UIView + Extensions.swift */,
				828D8E282B527A530022FDB3 /* UIColor + Extensions.swift */,
				828D8E2A2B527C4B0022FDB3 /* UserDefaults + Extensions.swift */,
			);
			path = Extensions;
			sourceTree = "<group>";
		};
		828D8DF62B51A1FF0022FDB3 /* Services */ = {
			isa = PBXGroup;
			children = (
				824443B32B55268600ED8851 /* Audio Player */,
				824443A82B53A7DD00ED8851 /* Animation */,
				828D8DFA2B51A2370022FDB3 /* Date */,
				828D8E5B2B538CF00022FDB3 /* Settings */,
			);
			path = Services;
			sourceTree = "<group>";
		};
		828D8DF72B51A2040022FDB3 /* Screens */ = {
			isa = PBXGroup;
			children = (
				828D8E012B51A2A70022FDB3 /* Splash Screen */,
				828D8E002B51A2A50022FDB3 /* Start */,
				828D8DFF2B51A2A30022FDB3 /* Game */,
				828D8DFE2B51A2A10022FDB3 /* Settings List MVP */,
				828D8E192B5270040022FDB3 /* Car Color List MVP */,
				828D8E312B52821E0022FDB3 /* Obstacles List MVP */,
				828D8E3E2B5288CE0022FDB3 /* Level of Difficulty List MVP */,
				828D8E4B2B528E9D0022FDB3 /* Control List MVP */,
				828D8DFD2B51A29F0022FDB3 /* Records List */,
			);
			path = Screens;
			sourceTree = "<group>";
		};
		828D8DFA2B51A2370022FDB3 /* Date */ = {
			isa = PBXGroup;
			children = (
				828D8DFB2B51A2430022FDB3 /* DateManager.swift */,
			);
			path = Date;
			sourceTree = "<group>";
		};
		828D8DFD2B51A29F0022FDB3 /* Records List */ = {
			isa = PBXGroup;
			children = (
				828D8E112B51A3810022FDB3 /* ViewController */,
				828D8E102B51A37F0022FDB3 /* Cell */,
			);
			path = "Records List";
			sourceTree = "<group>";
		};
		828D8DFE2B51A2A10022FDB3 /* Settings List MVP */ = {
			isa = PBXGroup;
			children = (
				828D8E162B51B64A0022FDB3 /* Model */,
				828D8E2C2B52819A0022FDB3 /* View */,
				828D8E5E2B5393270022FDB3 /* Presenter */,
				828D8E5F2B53932A0022FDB3 /* Protocol */,
			);
			path = "Settings List MVP";
			sourceTree = "<group>";
		};
		828D8DFF2B51A2A30022FDB3 /* Game */ = {
			isa = PBXGroup;
			children = (
				828D8E062B51A3130022FDB3 /* GameViewController.swift */,
			);
			path = Game;
			sourceTree = "<group>";
		};
		828D8E002B51A2A50022FDB3 /* Start */ = {
			isa = PBXGroup;
			children = (
				828D8E042B51A2E50022FDB3 /* StartViewController.swift */,
			);
			path = Start;
			sourceTree = "<group>";
		};
		828D8E012B51A2A70022FDB3 /* Splash Screen */ = {
			isa = PBXGroup;
			children = (
				828D8E022B51A2CB0022FDB3 /* SplashScreenViewController.swift */,
			);
			path = "Splash Screen";
			sourceTree = "<group>";
		};
		828D8E082B51A3260022FDB3 /* Cell */ = {
			isa = PBXGroup;
			children = (
				828D8E0C2B51A3520022FDB3 /* OptionTableViewCell.swift */,
			);
			path = Cell;
			sourceTree = "<group>";
		};
		828D8E092B51A3290022FDB3 /* ViewController */ = {
			isa = PBXGroup;
			children = (
				828D8E0A2B51A33B0022FDB3 /* SettingsListTableViewController.swift */,
			);
			path = ViewController;
			sourceTree = "<group>";
		};
		828D8E102B51A37F0022FDB3 /* Cell */ = {
			isa = PBXGroup;
			children = (
				828D8E142B51A3A60022FDB3 /* PlayerTableViewCell.swift */,
			);
			path = Cell;
			sourceTree = "<group>";
		};
		828D8E112B51A3810022FDB3 /* ViewController */ = {
			isa = PBXGroup;
			children = (
				828D8E122B51A3920022FDB3 /* RecordsListTableViewController.swift */,
			);
			path = ViewController;
			sourceTree = "<group>";
		};
		828D8E162B51B64A0022FDB3 /* Model */ = {
			isa = PBXGroup;
			children = (
				828D8E172B51B65A0022FDB3 /* Options.swift */,
			);
			path = Model;
			sourceTree = "<group>";
		};
		828D8E192B5270040022FDB3 /* Car Color List MVP */ = {
			isa = PBXGroup;
			children = (
				828D8E1C2B5270440022FDB3 /* Model */,
				828D8E1B2B5270420022FDB3 /* View */,
				828D8E1A2B52703F0022FDB3 /* Presenter */,
				828D8E212B52712F0022FDB3 /* Protocol */,
			);
			path = "Car Color List MVP";
			sourceTree = "<group>";
		};
		828D8E1A2B52703F0022FDB3 /* Presenter */ = {
			isa = PBXGroup;
			children = (
				828D8E1F2B5271020022FDB3 /* CarColorsListPresenter.swift */,
			);
			path = Presenter;
			sourceTree = "<group>";
		};
		828D8E1B2B5270420022FDB3 /* View */ = {
			isa = PBXGroup;
			children = (
				828D8E242B5274F90022FDB3 /* CarColorsListTableViewController.swift */,
			);
			path = View;
			sourceTree = "<group>";
		};
		828D8E1C2B5270440022FDB3 /* Model */ = {
			isa = PBXGroup;
			children = (
				828D8E1D2B5270620022FDB3 /* Colors.swift */,
			);
			path = Model;
			sourceTree = "<group>";
		};
		828D8E212B52712F0022FDB3 /* Protocol */ = {
			isa = PBXGroup;
			children = (
				828D8E222B52713C0022FDB3 /* CarColorsListPresenterDelegate.swift */,
			);
			path = Protocol;
			sourceTree = "<group>";
		};
		828D8E2C2B52819A0022FDB3 /* View */ = {
			isa = PBXGroup;
			children = (
				828D8E092B51A3290022FDB3 /* ViewController */,
				828D8E082B51A3260022FDB3 /* Cell */,
			);
			path = View;
			sourceTree = "<group>";
		};
		828D8E312B52821E0022FDB3 /* Obstacles List MVP */ = {
			isa = PBXGroup;
			children = (
				828D8E352B52824B0022FDB3 /* Model */,
				828D8E342B5282470022FDB3 /* View */,
				828D8E332B5282430022FDB3 /* Presenter */,
				828D8E322B5282410022FDB3 /* Protocol */,
			);
			path = "Obstacles List MVP";
			sourceTree = "<group>";
		};
		828D8E322B5282410022FDB3 /* Protocol */ = {
			isa = PBXGroup;
			children = (
				828D8E3C2B5284CE0022FDB3 /* ObstaclesListPresenterDelegate.swift */,
			);
			path = Protocol;
			sourceTree = "<group>";
		};
		828D8E332B5282430022FDB3 /* Presenter */ = {
			isa = PBXGroup;
			children = (
				828D8E3A2B5284C00022FDB3 /* ObstaclesListPresenter.swift */,
			);
			path = Presenter;
			sourceTree = "<group>";
		};
		828D8E342B5282470022FDB3 /* View */ = {
			isa = PBXGroup;
			children = (
				828D8E382B5283B60022FDB3 /* ObstaclesListTableViewController.swift */,
			);
			path = View;
			sourceTree = "<group>";
		};
		828D8E352B52824B0022FDB3 /* Model */ = {
			isa = PBXGroup;
			children = (
				828D8E362B5282670022FDB3 /* Obstacles.swift */,
			);
			path = Model;
			sourceTree = "<group>";
		};
		828D8E3E2B5288CE0022FDB3 /* Level of Difficulty List MVP */ = {
			isa = PBXGroup;
			children = (
				828D8E422B5288FC0022FDB3 /* Model */,
				828D8E412B5288FA0022FDB3 /* View */,
				828D8E402B5288F90022FDB3 /* Presenter */,
				828D8E3F2B5288F70022FDB3 /* Protocol */,
			);
			path = "Level of Difficulty List MVP";
			sourceTree = "<group>";
		};
		828D8E3F2B5288F70022FDB3 /* Protocol */ = {
			isa = PBXGroup;
			children = (
				828D8E492B5289BA0022FDB3 /* LevelOfDifficultyListPresenterDelegate.swift */,
			);
			path = Protocol;
			sourceTree = "<group>";
		};
		828D8E402B5288F90022FDB3 /* Presenter */ = {
			isa = PBXGroup;
			children = (
				828D8E472B5289A70022FDB3 /* LevelOfDifficultyListPresenter.swift */,
			);
			path = Presenter;
			sourceTree = "<group>";
		};
		828D8E412B5288FA0022FDB3 /* View */ = {
			isa = PBXGroup;
			children = (
				828D8E452B5289910022FDB3 /* LevelOfDifficultyListTableViewController.swift */,
			);
			path = View;
			sourceTree = "<group>";
		};
		828D8E422B5288FC0022FDB3 /* Model */ = {
			isa = PBXGroup;
			children = (
				828D8E432B52892E0022FDB3 /* LevelOfDifficulty.swift */,
			);
			path = Model;
			sourceTree = "<group>";
		};
		828D8E4B2B528E9D0022FDB3 /* Control List MVP */ = {
			isa = PBXGroup;
			children = (
				828D8E4F2B528FE80022FDB3 /* Model */,
				828D8E4E2B528FE30022FDB3 /* View */,
				828D8E4D2B528FE10022FDB3 /* Presenter */,
				828D8E4C2B528FDF0022FDB3 /* Protocol */,
			);
			path = "Control List MVP";
			sourceTree = "<group>";
		};
		828D8E4C2B528FDF0022FDB3 /* Protocol */ = {
			isa = PBXGroup;
			children = (
				828D8E562B5290CB0022FDB3 /* ControlsListPresenterDelegate.swift */,
			);
			path = Protocol;
			sourceTree = "<group>";
		};
		828D8E4D2B528FE10022FDB3 /* Presenter */ = {
			isa = PBXGroup;
			children = (
				828D8E542B5290B60022FDB3 /* ControlsListPresenter.swift */,
			);
			path = Presenter;
			sourceTree = "<group>";
		};
		828D8E4E2B528FE30022FDB3 /* View */ = {
			isa = PBXGroup;
			children = (
				828D8E522B5290870022FDB3 /* ControlsListTableViewController.swift */,
			);
			path = View;
			sourceTree = "<group>";
		};
		828D8E4F2B528FE80022FDB3 /* Model */ = {
			isa = PBXGroup;
			children = (
				828D8E502B5290010022FDB3 /* Controls.swift */,
			);
			path = Model;
			sourceTree = "<group>";
		};
		828D8E5B2B538CF00022FDB3 /* Settings */ = {
			isa = PBXGroup;
			children = (
				828D8E5C2B538D010022FDB3 /* SettingsManager.swift */,
			);
			path = Settings;
			sourceTree = "<group>";
		};
		828D8E5E2B5393270022FDB3 /* Presenter */ = {
			isa = PBXGroup;
			children = (
				828D8E602B5393570022FDB3 /* SettingsListPresenter.swift */,
			);
			path = Presenter;
			sourceTree = "<group>";
		};
		828D8E5F2B53932A0022FDB3 /* Protocol */ = {
			isa = PBXGroup;
			children = (
				828D8E622B53936E0022FDB3 /* SettingsListPresenterDelegate.swift */,
			);
			path = Protocol;
			sourceTree = "<group>";
		};
/* End PBXGroup section */

/* Begin PBXNativeTarget section */
		828D8DDD2B51A1DC0022FDB3 /* RacingGame2024 */ = {
			isa = PBXNativeTarget;
			buildConfigurationList = 828D8DF22B51A1DF0022FDB3 /* Build configuration list for PBXNativeTarget "RacingGame2024" */;
			buildPhases = (
				828D8DDA2B51A1DC0022FDB3 /* Sources */,
				828D8DDB2B51A1DC0022FDB3 /* Frameworks */,
				828D8DDC2B51A1DC0022FDB3 /* Resources */,
			);
			buildRules = (
			);
			dependencies = (
			);
			name = RacingGame2024;
			productName = RacingGame2024;
			productReference = 828D8DDE2B51A1DC0022FDB3 /* RacingGame2024.app */;
			productType = "com.apple.product-type.application";
		};
/* End PBXNativeTarget section */

/* Begin PBXProject section */
		828D8DD62B51A1DC0022FDB3 /* Project object */ = {
			isa = PBXProject;
			attributes = {
				BuildIndependentTargetsInParallel = 1;
				LastSwiftUpdateCheck = 1510;
				LastUpgradeCheck = 1510;
				TargetAttributes = {
					828D8DDD2B51A1DC0022FDB3 = {
						CreatedOnToolsVersion = 15.1;
					};
				};
			};
			buildConfigurationList = 828D8DD92B51A1DC0022FDB3 /* Build configuration list for PBXProject "RacingGame2024" */;
			compatibilityVersion = "Xcode 14.0";
			developmentRegion = en;
			hasScannedForEncodings = 0;
			knownRegions = (
				en,
				Base,
			);
			mainGroup = 828D8DD52B51A1DC0022FDB3;
			productRefGroup = 828D8DDF2B51A1DC0022FDB3 /* Products */;
			projectDirPath = "";
			projectRoot = "";
			targets = (
				828D8DDD2B51A1DC0022FDB3 /* RacingGame2024 */,
			);
		};
/* End PBXProject section */

/* Begin PBXResourcesBuildPhase section */
		828D8DDC2B51A1DC0022FDB3 /* Resources */ = {
			isa = PBXResourcesBuildPhase;
			buildActionMask = 2147483647;
			files = (
				824443B22B55265D00ED8851 /* car.mp3 in Resources */,
				828D8DEE2B51A1DF0022FDB3 /* LaunchScreen.storyboard in Resources */,
				824443B72B5527AE00ED8851 /* explode.mp3 in Resources */,
				828D8DEB2B51A1DF0022FDB3 /* Assets.xcassets in Resources */,
			);
			runOnlyForDeploymentPostprocessing = 0;
		};
/* End PBXResourcesBuildPhase section */

/* Begin PBXSourcesBuildPhase section */
		828D8DDA2B51A1DC0022FDB3 /* Sources */ = {
			isa = PBXSourcesBuildPhase;
			buildActionMask = 2147483647;
			files = (
				828D8E552B5290B60022FDB3 /* ControlsListPresenter.swift in Sources */,
				828D8DF92B51A21C0022FDB3 /* UIView + Extensions.swift in Sources */,
				828D8E052B51A2E50022FDB3 /* StartViewController.swift in Sources */,
				828D8E462B5289910022FDB3 /* LevelOfDifficultyListTableViewController.swift in Sources */,
				824443AA2B53A7EA00ED8851 /* AnimationManager.swift in Sources */,
				828D8E442B52892E0022FDB3 /* LevelOfDifficulty.swift in Sources */,
				828D8DFC2B51A2430022FDB3 /* DateManager.swift in Sources */,
				828D8E3B2B5284C00022FDB3 /* ObstaclesListPresenter.swift in Sources */,
				828D8E1E2B5270620022FDB3 /* Colors.swift in Sources */,
				828D8E612B5393570022FDB3 /* SettingsListPresenter.swift in Sources */,
				828D8E032B51A2CB0022FDB3 /* SplashScreenViewController.swift in Sources */,
				828D8E392B5283B60022FDB3 /* ObstaclesListTableViewController.swift in Sources */,
				828D8E482B5289A70022FDB3 /* LevelOfDifficultyListPresenter.swift in Sources */,
				828D8E3D2B5284CE0022FDB3 /* ObstaclesListPresenterDelegate.swift in Sources */,
				828D8E202B5271020022FDB3 /* CarColorsListPresenter.swift in Sources */,
				828D8E232B52713C0022FDB3 /* CarColorsListPresenterDelegate.swift in Sources */,
				828D8E572B5290CB0022FDB3 /* ControlsListPresenterDelegate.swift in Sources */,
				828D8E132B51A3920022FDB3 /* RecordsListTableViewController.swift in Sources */,
				828D8E252B5274F90022FDB3 /* CarColorsListTableViewController.swift in Sources */,
				828D8E0B2B51A33B0022FDB3 /* SettingsListTableViewController.swift in Sources */,
				828D8E532B5290870022FDB3 /* ControlsListTableViewController.swift in Sources */,
				828D8E182B51B65A0022FDB3 /* Options.swift in Sources */,
				828D8E512B5290010022FDB3 /* Controls.swift in Sources */,
				828D8E632B53936E0022FDB3 /* SettingsListPresenterDelegate.swift in Sources */,
				828D8E152B51A3A60022FDB3 /* PlayerTableViewCell.swift in Sources */,
				828D8E072B51A3130022FDB3 /* GameViewController.swift in Sources */,
				828D8E4A2B5289BA0022FDB3 /* LevelOfDifficultyListPresenterDelegate.swift in Sources */,
				828D8E0D2B51A3520022FDB3 /* OptionTableViewCell.swift in Sources */,
				828D8E292B527A530022FDB3 /* UIColor + Extensions.swift in Sources */,
				828D8DE22B51A1DC0022FDB3 /* AppDelegate.swift in Sources */,
				824443AF2B548AC200ED8851 /* OptionsDelegate.swift in Sources */,
				828D8E5D2B538D010022FDB3 /* SettingsManager.swift in Sources */,
				828D8E2B2B527C4B0022FDB3 /* UserDefaults + Extensions.swift in Sources */,
				828D8E372B5282670022FDB3 /* Obstacles.swift in Sources */,
				824443B52B55269C00ED8851 /* AudioPlayerClass.swift in Sources */,
				828D8DE42B51A1DC0022FDB3 /* SceneDelegate.swift in Sources */,
			);
			runOnlyForDeploymentPostprocessing = 0;
		};
/* End PBXSourcesBuildPhase section */

/* Begin PBXVariantGroup section */
		828D8DEC2B51A1DF0022FDB3 /* LaunchScreen.storyboard */ = {
			isa = PBXVariantGroup;
			children = (
				828D8DED2B51A1DF0022FDB3 /* Base */,
			);
			name = LaunchScreen.storyboard;
			sourceTree = "<group>";
		};
/* End PBXVariantGroup section */

/* Begin XCBuildConfiguration section */
		828D8DF02B51A1DF0022FDB3 /* Debug */ = {
			isa = XCBuildConfiguration;
			buildSettings = {
				ALWAYS_SEARCH_USER_PATHS = NO;
				ASSETCATALOG_COMPILER_GENERATE_SWIFT_ASSET_SYMBOL_EXTENSIONS = YES;
				CLANG_ANALYZER_NONNULL = YES;
				CLANG_ANALYZER_NUMBER_OBJECT_CONVERSION = YES_AGGRESSIVE;
				CLANG_CXX_LANGUAGE_STANDARD = "gnu++20";
				CLANG_ENABLE_MODULES = YES;
				CLANG_ENABLE_OBJC_ARC = YES;
				CLANG_ENABLE_OBJC_WEAK = YES;
				CLANG_WARN_BLOCK_CAPTURE_AUTORELEASING = YES;
				CLANG_WARN_BOOL_CONVERSION = YES;
				CLANG_WARN_COMMA = YES;
				CLANG_WARN_CONSTANT_CONVERSION = YES;
				CLANG_WARN_DEPRECATED_OBJC_IMPLEMENTATIONS = YES;
				CLANG_WARN_DIRECT_OBJC_ISA_USAGE = YES_ERROR;
				CLANG_WARN_DOCUMENTATION_COMMENTS = YES;
				CLANG_WARN_EMPTY_BODY = YES;
				CLANG_WARN_ENUM_CONVERSION = YES;
				CLANG_WARN_INFINITE_RECURSION = YES;
				CLANG_WARN_INT_CONVERSION = YES;
				CLANG_WARN_NON_LITERAL_NULL_CONVERSION = YES;
				CLANG_WARN_OBJC_IMPLICIT_RETAIN_SELF = YES;
				CLANG_WARN_OBJC_LITERAL_CONVERSION = YES;
				CLANG_WARN_OBJC_ROOT_CLASS = YES_ERROR;
				CLANG_WARN_QUOTED_INCLUDE_IN_FRAMEWORK_HEADER = YES;
				CLANG_WARN_RANGE_LOOP_ANALYSIS = YES;
				CLANG_WARN_STRICT_PROTOTYPES = YES;
				CLANG_WARN_SUSPICIOUS_MOVE = YES;
				CLANG_WARN_UNGUARDED_AVAILABILITY = YES_AGGRESSIVE;
				CLANG_WARN_UNREACHABLE_CODE = YES;
				CLANG_WARN__DUPLICATE_METHOD_MATCH = YES;
				COPY_PHASE_STRIP = NO;
				DEBUG_INFORMATION_FORMAT = dwarf;
				ENABLE_STRICT_OBJC_MSGSEND = YES;
				ENABLE_TESTABILITY = YES;
				ENABLE_USER_SCRIPT_SANDBOXING = YES;
				GCC_C_LANGUAGE_STANDARD = gnu17;
				GCC_DYNAMIC_NO_PIC = NO;
				GCC_NO_COMMON_BLOCKS = YES;
				GCC_OPTIMIZATION_LEVEL = 0;
				GCC_PREPROCESSOR_DEFINITIONS = (
					"DEBUG=1",
					"$(inherited)",
				);
				GCC_WARN_64_TO_32_BIT_CONVERSION = YES;
				GCC_WARN_ABOUT_RETURN_TYPE = YES_ERROR;
				GCC_WARN_UNDECLARED_SELECTOR = YES;
				GCC_WARN_UNINITIALIZED_AUTOS = YES_AGGRESSIVE;
				GCC_WARN_UNUSED_FUNCTION = YES;
				GCC_WARN_UNUSED_VARIABLE = YES;
				IPHONEOS_DEPLOYMENT_TARGET = 17.2;
				LOCALIZATION_PREFERS_STRING_CATALOGS = YES;
				MTL_ENABLE_DEBUG_INFO = INCLUDE_SOURCE;
				MTL_FAST_MATH = YES;
				ONLY_ACTIVE_ARCH = YES;
				SDKROOT = iphoneos;
				SWIFT_ACTIVE_COMPILATION_CONDITIONS = "DEBUG $(inherited)";
				SWIFT_OPTIMIZATION_LEVEL = "-Onone";
			};
			name = Debug;
		};
		828D8DF12B51A1DF0022FDB3 /* Release */ = {
			isa = XCBuildConfiguration;
			buildSettings = {
				ALWAYS_SEARCH_USER_PATHS = NO;
				ASSETCATALOG_COMPILER_GENERATE_SWIFT_ASSET_SYMBOL_EXTENSIONS = YES;
				CLANG_ANALYZER_NONNULL = YES;
				CLANG_ANALYZER_NUMBER_OBJECT_CONVERSION = YES_AGGRESSIVE;
				CLANG_CXX_LANGUAGE_STANDARD = "gnu++20";
				CLANG_ENABLE_MODULES = YES;
				CLANG_ENABLE_OBJC_ARC = YES;
				CLANG_ENABLE_OBJC_WEAK = YES;
				CLANG_WARN_BLOCK_CAPTURE_AUTORELEASING = YES;
				CLANG_WARN_BOOL_CONVERSION = YES;
				CLANG_WARN_COMMA = YES;
				CLANG_WARN_CONSTANT_CONVERSION = YES;
				CLANG_WARN_DEPRECATED_OBJC_IMPLEMENTATIONS = YES;
				CLANG_WARN_DIRECT_OBJC_ISA_USAGE = YES_ERROR;
				CLANG_WARN_DOCUMENTATION_COMMENTS = YES;
				CLANG_WARN_EMPTY_BODY = YES;
				CLANG_WARN_ENUM_CONVERSION = YES;
				CLANG_WARN_INFINITE_RECURSION = YES;
				CLANG_WARN_INT_CONVERSION = YES;
				CLANG_WARN_NON_LITERAL_NULL_CONVERSION = YES;
				CLANG_WARN_OBJC_IMPLICIT_RETAIN_SELF = YES;
				CLANG_WARN_OBJC_LITERAL_CONVERSION = YES;
				CLANG_WARN_OBJC_ROOT_CLASS = YES_ERROR;
				CLANG_WARN_QUOTED_INCLUDE_IN_FRAMEWORK_HEADER = YES;
				CLANG_WARN_RANGE_LOOP_ANALYSIS = YES;
				CLANG_WARN_STRICT_PROTOTYPES = YES;
				CLANG_WARN_SUSPICIOUS_MOVE = YES;
				CLANG_WARN_UNGUARDED_AVAILABILITY = YES_AGGRESSIVE;
				CLANG_WARN_UNREACHABLE_CODE = YES;
				CLANG_WARN__DUPLICATE_METHOD_MATCH = YES;
				COPY_PHASE_STRIP = NO;
				DEBUG_INFORMATION_FORMAT = "dwarf-with-dsym";
				ENABLE_NS_ASSERTIONS = NO;
				ENABLE_STRICT_OBJC_MSGSEND = YES;
				ENABLE_USER_SCRIPT_SANDBOXING = YES;
				GCC_C_LANGUAGE_STANDARD = gnu17;
				GCC_NO_COMMON_BLOCKS = YES;
				GCC_WARN_64_TO_32_BIT_CONVERSION = YES;
				GCC_WARN_ABOUT_RETURN_TYPE = YES_ERROR;
				GCC_WARN_UNDECLARED_SELECTOR = YES;
				GCC_WARN_UNINITIALIZED_AUTOS = YES_AGGRESSIVE;
				GCC_WARN_UNUSED_FUNCTION = YES;
				GCC_WARN_UNUSED_VARIABLE = YES;
				IPHONEOS_DEPLOYMENT_TARGET = 17.2;
				LOCALIZATION_PREFERS_STRING_CATALOGS = YES;
				MTL_ENABLE_DEBUG_INFO = NO;
				MTL_FAST_MATH = YES;
				SDKROOT = iphoneos;
				SWIFT_COMPILATION_MODE = wholemodule;
				VALIDATE_PRODUCT = YES;
			};
			name = Release;
		};
		828D8DF32B51A1DF0022FDB3 /* Debug */ = {
			isa = XCBuildConfiguration;
			buildSettings = {
				ASSETCATALOG_COMPILER_APPICON_NAME = AppIcon;
				ASSETCATALOG_COMPILER_GLOBAL_ACCENT_COLOR_NAME = AccentColor;
				CODE_SIGN_STYLE = Automatic;
				CURRENT_PROJECT_VERSION = 1;
				DEVELOPMENT_TEAM = 265GKHT32M;
				GENERATE_INFOPLIST_FILE = YES;
				INFOPLIST_FILE = RacingGame2024/Info.plist;
				INFOPLIST_KEY_CFBundleDisplayName = "Гонки 2024";
				INFOPLIST_KEY_UIApplicationSupportsIndirectInputEvents = YES;
				INFOPLIST_KEY_UILaunchStoryboardName = LaunchScreen;
				INFOPLIST_KEY_UISupportedInterfaceOrientations_iPad = "UIInterfaceOrientationPortrait UIInterfaceOrientationPortraitUpsideDown UIInterfaceOrientationLandscapeLeft UIInterfaceOrientationLandscapeRight";
				INFOPLIST_KEY_UISupportedInterfaceOrientations_iPhone = "UIInterfaceOrientationPortrait UIInterfaceOrientationLandscapeLeft UIInterfaceOrientationLandscapeRight";
				LD_RUNPATH_SEARCH_PATHS = (
					"$(inherited)",
					"@executable_path/Frameworks",
				);
				MARKETING_VERSION = 1.0;
				PRODUCT_BUNDLE_IDENTIFIER = com.RacingGame2024;
				PRODUCT_NAME = "$(TARGET_NAME)";
				SWIFT_EMIT_LOC_STRINGS = YES;
				SWIFT_VERSION = 5.0;
				TARGETED_DEVICE_FAMILY = "1,2";
			};
			name = Debug;
		};
		828D8DF42B51A1DF0022FDB3 /* Release */ = {
			isa = XCBuildConfiguration;
			buildSettings = {
				ASSETCATALOG_COMPILER_APPICON_NAME = AppIcon;
				ASSETCATALOG_COMPILER_GLOBAL_ACCENT_COLOR_NAME = AccentColor;
				CODE_SIGN_STYLE = Automatic;
				CURRENT_PROJECT_VERSION = 1;
				DEVELOPMENT_TEAM = 265GKHT32M;
				GENERATE_INFOPLIST_FILE = YES;
				INFOPLIST_FILE = RacingGame2024/Info.plist;
				INFOPLIST_KEY_CFBundleDisplayName = "Гонки 2024";
				INFOPLIST_KEY_UIApplicationSupportsIndirectInputEvents = YES;
				INFOPLIST_KEY_UILaunchStoryboardName = LaunchScreen;
				INFOPLIST_KEY_UISupportedInterfaceOrientations_iPad = "UIInterfaceOrientationPortrait UIInterfaceOrientationPortraitUpsideDown UIInterfaceOrientationLandscapeLeft UIInterfaceOrientationLandscapeRight";
				INFOPLIST_KEY_UISupportedInterfaceOrientations_iPhone = "UIInterfaceOrientationPortrait UIInterfaceOrientationLandscapeLeft UIInterfaceOrientationLandscapeRight";
				LD_RUNPATH_SEARCH_PATHS = (
					"$(inherited)",
					"@executable_path/Frameworks",
				);
				MARKETING_VERSION = 1.0;
				PRODUCT_BUNDLE_IDENTIFIER = com.RacingGame2024;
				PRODUCT_NAME = "$(TARGET_NAME)";
				SWIFT_EMIT_LOC_STRINGS = YES;
				SWIFT_VERSION = 5.0;
				TARGETED_DEVICE_FAMILY = "1,2";
			};
			name = Release;
		};
/* End XCBuildConfiguration section */

/* Begin XCConfigurationList section */
		828D8DD92B51A1DC0022FDB3 /* Build configuration list for PBXProject "RacingGame2024" */ = {
			isa = XCConfigurationList;
			buildConfigurations = (
				828D8DF02B51A1DF0022FDB3 /* Debug */,
				828D8DF12B51A1DF0022FDB3 /* Release */,
			);
			defaultConfigurationIsVisible = 0;
			defaultConfigurationName = Release;
		};
		828D8DF22B51A1DF0022FDB3 /* Build configuration list for PBXNativeTarget "RacingGame2024" */ = {
			isa = XCConfigurationList;
			buildConfigurations = (
				828D8DF32B51A1DF0022FDB3 /* Debug */,
				828D8DF42B51A1DF0022FDB3 /* Release */,
			);
			defaultConfigurationIsVisible = 0;
			defaultConfigurationName = Release;
		};
/* End XCConfigurationList section */
	};
	rootObject = 828D8DD62B51A1DC0022FDB3 /* Project object */;
}
